--- 
hash: f0e934404c34df04fe0d7327cad5728f0f111b2d
sources: []

specs: 
- daemons: 
    version: 1.0.10
- tzinfo: 
    version: 0.3.16
- activesupport: 
    version: 2.3.5
- activerecord: 
    version: 2.3.5
- actionpack: 
    version: 2.3.5
- activeresource: 
    version: 2.3.5
- rake: 
    version: 0.8.7
- mocha: 
    version: 0.9.8
- em-resolv-replace: 
    version: 1.0.0
- actionmailer: 
    version: 2.3.5
- memcache-client: 
    version: 1.8.2
- builder: 
    version: 2.1.2
- tmail: 
    version: 1.2.7.1
- mime-types: 
    version: "1.16"
- yajl-ruby: 
    version: 0.7.3
- rack-fiber_pool: 
    version: 0.9.0
- i18n: 
    version: 0.3.3
- eventmachine: 
    version: 0.12.10
- thin: 
    version: 1.2.7
- rack: 
    version: 1.0.1
- postgres-pr: 
    version: 0.6.1
- em_postgresql: 
    version: 0.3.0
- rails: 
    version: 2.3.5
dependencies: 
  rails: 
    version: = 2.3.5
    group: 
    - :default
  postgres-pr: 
    version: = 0.6.1
    group: 
    - :default
  eventmachine: 
    version: = 0.12.10
    group: 
    - :default
  em_postgresql: 
    version: = 0.3.0
    group: 
    - :default
  rake: 
    version: = 0.8.7
    group: 
    - :default
  thin: 
    version: = 1.2.7
    group: 
    - :default
  rack: 
    version: ">= 1.0.0"
    group: 
    - :default
  rack-fiber_pool: 
    version: ">= 0.9.0"
    group: 
    - :default
  em-resolv-replace: 
    version: = 1.0.0
    group: 
    - :default
  mime-types: 
    version: = 1.16
    group: 
    - :default
  tmail: 
    version: = 1.2.7.1
    group: 
    - :default
  builder: 
    version: = 2.1.2
    group: 
    - :default
  memcache-client: 
    version: = 1.8.2
    group: 
    - :default
  tzinfo: 
    version: = 0.3.16
    group: 
    - :default
  i18n: 
    version: = 0.3.3
    group: 
    - :default
  yajl-ruby: 
    version: = 0.7.3
    group: 
    - :default
  mocha: 
    version: = 0.9.8
    group: 
    - :test
